
Microsoft Visual Studio Solution File, Format Version 12.00
# Visual Studio Version 16
VisualStudioVersion = 16.0.30001.183
MinimumVisualStudioVersion = 10.0.40219.1
Project("{FAE04EC0-301F-11D3-BF4B-00C04F79EFBC}") = "ASP.NET_WebAppFromScratch", "ASP.NET_WebAppFromScratch\ASP.NET_WebAppFromScratch.csproj", "{C9A621F3-7BD8-4FEF-899A-86D0A0DF8E23}"
EndProject
Global
	GlobalSection(SolutionConfigurationPlatforms) = preSolution
		Debug|Any CPU = Debug|Any CPU
		Release|Any CPU = Release|Any CPU
	EndGlobalSection
	GlobalSection(ProjectConfigurationPlatforms) = postSolution
		{C9A621F3-7BD8-4FEF-899A-86D0A0DF8E23}.Debug|Any CPU.ActiveCfg = Debug|Any CPU
		{C9A621F3-7BD8-4FEF-899A-86D0A0DF8E23}.Debug|Any CPU.Build.0 = Debug|Any CPU
		{C9A621F3-7BD8-4FEF-899A-86D0A0DF8E23}.Release|Any CPU.ActiveCfg = Release|Any CPU
		{C9A621F3-7BD8-4FEF-899A-86D0A0DF8E23}.Release|Any CPU.Build.0 = Release|Any CPU
	EndGlobalSection
	GlobalSection(SolutionProperties) = preSolution
		HideSolutionNode = FALSE
	EndGlobalSection
	GlobalSection(ExtensibilityGlobals) = postSolution
		SolutionGuid = {4917398B-6824-4949-AC25-CC9EF3439CB7}
	EndGlobalSection
EndGlobal
